%{
  "absinthe": {:hex, :absinthe, "1.4.16", "0933e4d9f12652b12115d5709c0293a1bf78a22578032e9ad0dad4efee6b9eb1", [:mix], [{:dataloader, "~> 1.0.0", [hex: :dataloader, repo: "hexpm", optional: true]}, {:decimal, "~> 1.0", [hex: :decimal, repo: "hexpm", optional: true]}], "hexpm", "076b8bd9552f4966ba1242f412f6c439b731169a36a0ddaaffcd3893828f5bf6"},
  "absinthe_plug": {:hex, :absinthe_plug, "1.4.7", "939b6b9e1c7abc6b399a5b49faa690a1fbb55b195c670aa35783b14b08ccec7a", [:mix], [{:absinthe, "~> 1.4.11", [hex: :absinthe, repo: "hexpm", optional: false]}, {:plug, "~> 1.3.2 or ~> 1.4", [hex: :plug, repo: "hexpm", optional: false]}], "hexpm", "c6ecb0e56a963287ac252d0563e5b33b84b300ce8203d3d1410dddb5dc6d08e9"},
  "accept": {:hex, :accept, "0.3.5", "b33b127abca7cc948bbe6caa4c263369abf1347cfa9d8e699c6d214660f10cd1", [:rebar3], [], "hexpm", "11b18c220bcc2eab63b5470c038ef10eb6783bcb1fcdb11aa4137defa5ac1bb8"},
  "arc": {:hex, :arc, "0.11.0", "ac7a0cc03035317b6fef9fe94c97d7d9bd183a3e7ce1606aa0c175cfa8d1ba6d", [:mix], [{:ex_aws, "~> 2.0", [hex: :ex_aws, repo: "hexpm", optional: true]}, {:ex_aws_s3, "~> 2.0", [hex: :ex_aws_s3, repo: "hexpm", optional: true]}, {:hackney, "~> 1.0", [hex: :hackney, repo: "hexpm", optional: false]}, {:poison, "~> 2.2 or ~> 3.1", [hex: :poison, repo: "hexpm", optional: true]}, {:sweet_xml, "~> 0.6", [hex: :sweet_xml, repo: "hexpm", optional: true]}], "hexpm", "e91a8bd676fca716f6e46275ae81fb96c0bbc7a9d5b96cac511ae190588eddd0"},
  "arc_ecto": {:hex, :arc_ecto, "0.11.1", "27aedf8c236b2097eed09d96f4ae73b43eb4c042a0e2ae42d44bf644cf16115c", [:mix], [{:arc, "~> 0.11.0", [hex: :arc, repo: "hexpm", optional: false]}, {:ecto, "~> 2.1 or ~> 3.0", [hex: :ecto, repo: "hexpm", optional: false]}], "hexpm", "8ed19063d9379307684badbb2f6dbc5bbc46a011f787a43d5af4c01f052cc629"},
  "artificery": {:hex, :artificery, "0.4.2", "3ded6e29e13113af52811c72f414d1e88f711410cac1b619ab3a2666bbd7efd4", [:mix], [], "hexpm", "514586f4312ef3709a3ccbd8e55f69455add235c1729656687bb781d10d0afdb"},
  "base64url": {:hex, :base64url, "0.0.1", "36a90125f5948e3afd7be97662a1504b934dd5dac78451ca6e9abf85a10286be", [:rebar], [], "hexpm"},
  "bcrypt_elixir": {:hex, :bcrypt_elixir, "1.1.1", "6b5560e47a02196ce5f0ab3f1d8265db79a23868c137e973b27afef928ed8006", [:make, :mix], [{:elixir_make, "~> 0.4", [hex: :elixir_make, repo: "hexpm", optional: false]}], "hexpm", "10f658be786bd2daaadcd45cc5b598da01d5bbc313da4d0e3efb2d6a511d896d"},
  "bunt": {:hex, :bunt, "0.2.0", "951c6e801e8b1d2cbe58ebbd3e616a869061ddadcc4863d0a2182541acae9a38", [:mix], [], "hexpm", "7af5c7e09fe1d40f76c8e4f9dd2be7cebd83909f31fee7cd0e9eadc567da8353"},
  "certifi": {:hex, :certifi, "2.5.1", "867ce347f7c7d78563450a18a6a28a8090331e77fa02380b4a21962a65d36ee5", [:rebar3], [{:parse_trans, "~>3.3", [hex: :parse_trans, repo: "hexpm", optional: false]}], "hexpm", "805abd97539caf89ec6d4732c91e62ba9da0cda51ac462380bbd28ee697a8c42"},
  "combine": {:hex, :combine, "0.10.0", "eff8224eeb56498a2af13011d142c5e7997a80c8f5b97c499f84c841032e429f", [:mix], [], "hexpm", "1b1dbc1790073076580d0d1d64e42eae2366583e7aecd455d1215b0d16f2451b"},
  "comeonin": {:hex, :comeonin, "4.1.2", "3eb5620fd8e35508991664b4c2b04dd41e52f1620b36957be837c1d7784b7592", [:mix], [{:argon2_elixir, "~> 1.2", [hex: :argon2_elixir, repo: "hexpm", optional: true]}, {:bcrypt_elixir, "~> 0.12.1 or ~> 1.0", [hex: :bcrypt_elixir, repo: "hexpm", optional: true]}, {:pbkdf2_elixir, "~> 0.12", [hex: :pbkdf2_elixir, repo: "hexpm", optional: true]}], "hexpm", "d8700a0ca4dbb616c22c9b3f6dd539d88deaafec3efe66869d6370c9a559b3e9"},
  "configparser_ex": {:hex, :configparser_ex, "4.0.0", "17e2b831cfa33a08c56effc610339b2986f0d82a9caa0ed18880a07658292ab6", [:mix], [], "hexpm", "02e6d1a559361a063cba7b75bc3eb2d6ad7e62730c551cc4703541fd11e65e5b"},
  "connection": {:hex, :connection, "1.0.4", "a1cae72211f0eef17705aaededacac3eb30e6625b04a6117c1b2db6ace7d5976", [:mix], [], "hexpm", "4a0850c9be22a43af9920a71ab17c051f5f7d45c209e40269a1938832510e4d9"},
  "cowboy": {:hex, :cowboy, "2.7.0", "91ed100138a764355f43316b1d23d7ff6bdb0de4ea618cb5d8677c93a7a2f115", [:rebar3], [{:cowlib, "~> 2.8.0", [hex: :cowlib, repo: "hexpm", optional: false]}, {:ranch, "~> 1.7.1", [hex: :ranch, repo: "hexpm", optional: false]}], "hexpm", "04fd8c6a39edc6aaa9c26123009200fc61f92a3a94f3178c527b70b767c6e605"},
  "cowlib": {:hex, :cowlib, "2.8.0", "fd0ff1787db84ac415b8211573e9a30a3ebe71b5cbff7f720089972b2319c8a4", [:rebar3], [], "hexpm", "79f954a7021b302186a950a32869dbc185523d99d3e44ce430cd1f3289f41ed4"},
  "credo": {:hex, :credo, "1.1.5", "caec7a3cadd2e58609d7ee25b3931b129e739e070539ad1a0cd7efeeb47014f4", [:mix], [{:bunt, "~> 0.2.0", [hex: :bunt, repo: "hexpm", optional: false]}, {:jason, "~> 1.0", [hex: :jason, repo: "hexpm", optional: false]}], "hexpm", "d0bbd3222607ccaaac5c0340f7f525c627ae4d7aee6c8c8c108922620c5b6446"},
  "dataloader": {:hex, :dataloader, "1.0.7", "58351b335673cf40601429bfed6c11fece6ce7ad169b2ac0f0fe83e716587391", [:mix], [{:ecto, ">= 0.0.0", [hex: :ecto, repo: "hexpm", optional: true]}], "hexpm", "12bf66478e4a5085d09dc96932d058c206ee8c219cc7691d12a40dc35c8cefaa"},
  "db_connection": {:hex, :db_connection, "2.1.0", "122e2f62c4906bf2e49554f1e64db5030c19229aa40935f33088e7d543aa79d0", [:mix], [{:connection, "~> 1.0.2", [hex: :connection, repo: "hexpm", optional: false]}], "hexpm", "f398f3144db606de82ed42c2ddc69767f0607abdb796e8220de5f0fcf80f5ba4"},
  "decimal": {:hex, :decimal, "1.8.1", "a4ef3f5f3428bdbc0d35374029ffcf4ede8533536fa79896dd450168d9acdf3c", [:mix], [], "hexpm", "3cb154b00225ac687f6cbd4acc4b7960027c757a5152b369923ead9ddbca7aec"},
  "distillery": {:hex, :distillery, "2.1.1", "f9332afc2eec8a1a2b86f22429e068ef35f84a93ea1718265e740d90dd367814", [:mix], [{:artificery, "~> 0.2", [hex: :artificery, repo: "hexpm", optional: false]}], "hexpm", "bbc7008b0161a6f130d8d903b5b3232351fccc9c31a991f8fcbf2a12ace22995"},
  "ecto": {:hex, :ecto, "3.1.6", "e890bf66c1d4d8e2b8e010f7cba092a08139b55437bc3382371f72a6ee40757e", [:mix], [{:decimal, "~> 1.6", [hex: :decimal, repo: "hexpm", optional: false]}, {:jason, "~> 1.0", [hex: :jason, repo: "hexpm", optional: true]}], "hexpm", "e3056962ef9ecdfc48c195600d37e88bbc362b35da74e28ac7be1ab5347b59e1"},
  "ecto_sql": {:hex, :ecto_sql, "3.1.5", "b5201fe99fa6bf6a93f64adb2d4976ded3d201f932b7c5bd4c44468642f4fb1f", [:mix], [{:db_connection, "~> 2.0", [hex: :db_connection, repo: "hexpm", optional: false]}, {:ecto, "~> 3.1.0", [hex: :ecto, repo: "hexpm", optional: false]}, {:mariaex, "~> 0.9.1", [hex: :mariaex, repo: "hexpm", optional: true]}, {:myxql, "~> 0.2.0", [hex: :myxql, repo: "hexpm", optional: true]}, {:postgrex, "~> 0.14.0 or ~> 0.15.0", [hex: :postgrex, repo: "hexpm", optional: true]}, {:telemetry, "~> 0.4.0", [hex: :telemetry, repo: "hexpm", optional: false]}], "hexpm", "4f83a886c311584285e064fab2bd979416d37a7ff745ea17862783efbdcb7976"},
  "elixir_make": {:hex, :elixir_make, "0.6.0", "38349f3e29aff4864352084fc736fa7fa0f2995a819a737554f7ebd28b85aaab", [:mix], [], "hexpm", "d522695b93b7f0b4c0fcb2dfe73a6b905b1c301226a5a55cb42e5b14d509e050"},
  "ex_aws": {:hex, :ex_aws, "2.1.3", "26b6f036f0127548706aade4a509978fc7c26bd5334b004fba9bfe2687a525df", [:mix], [{:configparser_ex, "~> 4.0", [hex: :configparser_ex, repo: "hexpm", optional: true]}, {:hackney, "~> 1.9", [hex: :hackney, repo: "hexpm", optional: true]}, {:jason, "~> 1.1", [hex: :jason, repo: "hexpm", optional: true]}, {:jsx, "~> 2.8", [hex: :jsx, repo: "hexpm", optional: true]}, {:sweet_xml, "~> 0.6", [hex: :sweet_xml, repo: "hexpm", optional: true]}], "hexpm", "0bdbe2aed9f326922fc5a6a80417e32f0c895f4b3b2b0b9676ebf23dd16c5da4"},
  "ex_aws_s3": {:hex, :ex_aws_s3, "2.0.2", "c0258bbdfea55de4f98f0b2f0ca61fe402cc696f573815134beb1866e778f47b", [:mix], [{:ex_aws, "~> 2.0", [hex: :ex_aws, repo: "hexpm", optional: false]}, {:sweet_xml, ">= 0.0.0", [hex: :sweet_xml, repo: "hexpm", optional: true]}], "hexpm", "0569f5b211b1a3b12b705fe2a9d0e237eb1360b9d76298028df2346cad13097a"},
  "ex_machina": {:hex, :ex_machina, "2.3.0", "92a5ad0a8b10ea6314b876a99c8c9e3f25f4dde71a2a835845b136b9adaf199a", [:mix], [{:ecto, "~> 2.2 or ~> 3.0", [hex: :ecto, repo: "hexpm", optional: true]}, {:ecto_sql, "~> 3.0", [hex: :ecto_sql, repo: "hexpm", optional: true]}], "hexpm", "b84f6af156264530b312a8ab98ac6088f6b77ae5fe2058305c81434aa01fbaf9"},
  "excoveralls": {:hex, :excoveralls, "0.11.2", "0c6f2c8db7683b0caa9d490fb8125709c54580b4255ffa7ad35f3264b075a643", [:mix], [{:hackney, "~> 1.0", [hex: :hackney, repo: "hexpm", optional: false]}, {:jason, "~> 1.0", [hex: :jason, repo: "hexpm", optional: false]}], "hexpm", "e11a4490976aabeed3eb9dc70ec94a4f2d11fed5c9d4b5dc5d89bfa0a215abb5"},
  "file_system": {:hex, :file_system, "0.2.7", "e6f7f155970975789f26e77b8b8d8ab084c59844d8ecfaf58cbda31c494d14aa", [:mix], [], "hexpm", "b4cfa2d69c7f0b18fd06db222b2398abeef743a72504e6bd7df9c52f171b047f"},
  "gettext": {:hex, :gettext, "0.16.0", "4a7e90408cef5f1bf57c5a39e2db8c372a906031cc9b1466e963101cb927dafc", [:mix], [], "hexpm", "80493964a1ef9c4013486c9b6fdb1c1448d0d30ddf113678334b557724decf42"},
  "guardian": {:hex, :guardian, "1.1.1", "be14c4007eaf05268251ae114030cb7237ed9a9631c260022f020164ff4ed733", [:mix], [{:jose, "~> 1.8", [hex: :jose, repo: "hexpm", optional: false]}, {:phoenix, "~> 1.0 or ~> 1.2 or ~> 1.3", [hex: :phoenix, repo: "hexpm", optional: true]}, {:plug, "~> 1.3.3 or ~> 1.4", [hex: :plug, repo: "hexpm", optional: true]}, {:poison, "~> 2.2 or ~> 3.0", [hex: :poison, repo: "hexpm", optional: false]}], "hexpm", "686c4e79346255a5341823b056dd7d290ff9309a22daa76dc1f029b81634b697"},
  "hackney": {:hex, :hackney, "1.15.1", "9f8f471c844b8ce395f7b6d8398139e26ddca9ebc171a8b91342ee15a19963f4", [:rebar3], [{:certifi, "2.5.1", [hex: :certifi, repo: "hexpm", optional: false]}, {:idna, "6.0.0", [hex: :idna, repo: "hexpm", optional: false]}, {:metrics, "1.0.1", [hex: :metrics, repo: "hexpm", optional: false]}, {:mimerl, "~>1.1", [hex: :mimerl, repo: "hexpm", optional: false]}, {:ssl_verify_fun, "1.1.4", [hex: :ssl_verify_fun, repo: "hexpm", optional: false]}], "hexpm", "c2790c9f0f7205f4a362512192dee8179097394400e745e4d20bab7226a8eaad"},
  "heartcheck": {:hex, :heartcheck, "0.4.1", "a9874dff0cd6af57bd67492e082bcfdeeb760abb209bfb48b134143b152c8142", [:mix], [{:jason, "~> 1.0", [hex: :jason, repo: "hexpm", optional: true]}, {:plug, "~> 1.0", [hex: :plug, repo: "hexpm", optional: false]}], "hexpm", "367479ad184efe8a21b3d31f3fe7043214cbd116ce98fd2231228368d4a876bb"},
  "httpoison": {:hex, :httpoison, "1.5.0", "71ae9f304bdf7f00e9cd1823f275c955bdfc68282bc5eb5c85c3a9ade865d68e", [:mix], [{:hackney, "~> 1.8", [hex: :hackney, repo: "hexpm", optional: false]}], "hexpm", "e9d994aea63fab9e29307920492ab95f87339b56fbc5c8c4b1f65ea20d3ba9a4"},
  "idna": {:hex, :idna, "6.0.0", "689c46cbcdf3524c44d5f3dde8001f364cd7608a99556d8fbd8239a5798d4c10", [:rebar3], [{:unicode_util_compat, "0.4.1", [hex: :unicode_util_compat, repo: "hexpm", optional: false]}], "hexpm", "4bdd305eb64e18b0273864920695cb18d7a2021f31a11b9c5fbcd9a253f936e2"},
  "jason": {:hex, :jason, "1.1.2", "b03dedea67a99223a2eaf9f1264ce37154564de899fd3d8b9a21b1a6fd64afe7", [:mix], [{:decimal, "~> 1.0", [hex: :decimal, repo: "hexpm", optional: true]}], "hexpm", "fdf843bca858203ae1de16da2ee206f53416bbda5dc8c9e78f43243de4bc3afe"},
  "joken": {:hex, :joken, "2.2.0", "2daa1b12be05184aff7b5ace1d43ca1f81345962285fff3f88db74927c954d3a", [:mix], [{:jose, "~> 1.9", [hex: :jose, repo: "hexpm", optional: false]}], "hexpm", "b4f92e30388206f869dd25d1af628a1d99d7586e5cf0672f64d4df84c4d2f5e9"},
  "jose": {:hex, :jose, "1.10.1", "16d8e460dae7203c6d1efa3f277e25b5af8b659febfc2f2eb4bacf87f128b80a", [:mix, :rebar3], [], "hexpm", "3c7ddc8a9394b92891db7c2771da94bf819834a1a4c92e30857b7d582e2f8257"},
  "metrics": {:hex, :metrics, "1.0.1", "25f094dea2cda98213cecc3aeff09e940299d950904393b2a29d191c346a8486", [:rebar3], [], "hexpm", "69b09adddc4f74a40716ae54d140f93beb0fb8978d8636eaded0c31b6f099f16"},
  "mime": {:hex, :mime, "1.3.1", "30ce04ab3175b6ad0bdce0035cba77bba68b813d523d1aac73d9781b4d193cf8", [:mix], [], "hexpm", "6cbe761d6a0ca5a31a0931bf4c63204bceb64538e664a8ecf784a9a6f3b875f1"},
  "mimerl": {:hex, :mimerl, "1.2.0", "67e2d3f571088d5cfd3e550c383094b47159f3eee8ffa08e64106cdf5e981be3", [:rebar3], [], "hexpm", "f278585650aa581986264638ebf698f8bb19df297f66ad91b18910dfc6e19323"},
  "mox": {:hex, :mox, "0.5.0", "c519b48407017a85f03407a9a4c4ceb7cc6dec5fe886b2241869fb2f08476f9e", [:mix], [], "hexpm", "bdc9e95c3e4b80e4864987d822a981da2f2a6032bf409b3ec641f5be3488e8e6"},
  "parse_trans": {:hex, :parse_trans, "3.3.0", "09765507a3c7590a784615cfd421d101aec25098d50b89d7aa1d66646bc571c1", [:rebar3], [], "hexpm", "17ef63abde837ad30680ea7f857dd9e7ced9476cdd7b0394432af4bfc241b960"},
  "phoenix": {:hex, :phoenix, "1.4.12", "b86fa85a2ba336f5de068549de5ccceec356fd413264a9637e7733395d6cc4ea", [:mix], [{:jason, "~> 1.0", [hex: :jason, repo: "hexpm", optional: true]}, {:phoenix_pubsub, "~> 1.1", [hex: :phoenix_pubsub, repo: "hexpm", optional: false]}, {:plug, "~> 1.8.1 or ~> 1.9", [hex: :plug, repo: "hexpm", optional: false]}, {:plug_cowboy, "~> 1.0 or ~> 2.0", [hex: :plug_cowboy, repo: "hexpm", optional: true]}, {:telemetry, "~> 0.4", [hex: :telemetry, repo: "hexpm", optional: false]}], "hexpm", "58331ade6d77e1312a3d976f0fa41803b8f004b2b5f489193425bc46aea3ed30"},
  "phoenix_ecto": {:hex, :phoenix_ecto, "4.0.0", "c43117a136e7399ea04ecaac73f8f23ee0ffe3e07acfcb8062fe5f4c9f0f6531", [:mix], [{:ecto, "~> 3.0", [hex: :ecto, repo: "hexpm", optional: false]}, {:phoenix_html, "~> 2.9", [hex: :phoenix_html, repo: "hexpm", optional: true]}, {:plug, "~> 1.0", [hex: :plug, repo: "hexpm", optional: false]}], "hexpm", "fe15d9fee5b82f5e64800502011ffe530650d42e1710ae9b14bc4c9be38bf303"},
  "phoenix_html": {:hex, :phoenix_html, "2.13.3", "850e292ff6e204257f5f9c4c54a8cb1f6fbc16ed53d360c2b780a3d0ba333867", [:mix], [{:plug, "~> 1.5", [hex: :plug, repo: "hexpm", optional: false]}], "hexpm", "8b01b3d6d39731ab18aa548d928b5796166d2500755f553725cfe967bafba7d9"},
  "phoenix_live_reload": {:hex, :phoenix_live_reload, "1.2.1", "274a4b07c4adbdd7785d45a8b0bb57634d0b4f45b18d2c508b26c0344bd59b8f", [:mix], [{:file_system, "~> 0.2.1 or ~> 0.3", [hex: :file_system, repo: "hexpm", optional: false]}, {:phoenix, "~> 1.4", [hex: :phoenix, repo: "hexpm", optional: false]}], "hexpm", "41b4103a2fa282cfd747d377233baf213c648fdcc7928f432937676532490eee"},
  "phoenix_pubsub": {:hex, :phoenix_pubsub, "1.1.2", "496c303bdf1b2e98a9d26e89af5bba3ab487ba3a3735f74bf1f4064d2a845a3e", [:mix], [], "hexpm", "1f13f9f0f3e769a667a6b6828d29dec37497a082d195cc52dbef401a9b69bf38"},
  "plug": {:hex, :plug, "1.8.3", "12d5f9796dc72e8ac9614e94bda5e51c4c028d0d428e9297650d09e15a684478", [:mix], [{:mime, "~> 1.0", [hex: :mime, repo: "hexpm", optional: false]}, {:plug_crypto, "~> 1.0", [hex: :plug_crypto, repo: "hexpm", optional: false]}, {:telemetry, "~> 0.4", [hex: :telemetry, repo: "hexpm", optional: true]}], "hexpm", "164baaeb382d19beee0ec484492aa82a9c8685770aee33b24ec727a0971b34d0"},
  "plug_cowboy": {:hex, :plug_cowboy, "2.1.2", "8b0addb5908c5238fac38e442e81b6fcd32788eaa03246b4d55d147c47c5805e", [:mix], [{:cowboy, "~> 2.5", [hex: :cowboy, repo: "hexpm", optional: false]}, {:plug, "~> 1.7", [hex: :plug, repo: "hexpm", optional: false]}], "hexpm", "7d722581ce865a237e14da6d946f92704101740a256bd13ec91e63c0b122fc70"},
  "plug_crypto": {:hex, :plug_crypto, "1.0.0", "18e49317d3fa343f24620ed22795ec29d4a5e602d52d1513ccea0b07d8ea7d4d", [:mix], [], "hexpm", "73c1682f0e414cfb5d9b95c8e8cd6ffcfdae699e3b05e1db744e58b7be857759"},
  "poison": {:hex, :poison, "3.1.0", "d9eb636610e096f86f25d9a46f35a9facac35609a7591b3be3326e99a0484665", [:mix], [], "hexpm", "fec8660eb7733ee4117b85f55799fd3833eb769a6df71ccf8903e8dc5447cfce"},
  "poolboy": {:hex, :poolboy, "1.5.2", "392b007a1693a64540cead79830443abf5762f5d30cf50bc95cb2c1aaafa006b", [:rebar3], [], "hexpm"},
  "postgrex": {:hex, :postgrex, "0.14.3", "5754dee2fdf6e9e508cbf49ab138df964278700b764177e8f3871e658b345a1e", [:mix], [{:connection, "~> 1.0", [hex: :connection, repo: "hexpm", optional: false]}, {:db_connection, "~> 2.0", [hex: :db_connection, repo: "hexpm", optional: false]}, {:decimal, "~> 1.5", [hex: :decimal, repo: "hexpm", optional: false]}, {:jason, "~> 1.0", [hex: :jason, repo: "hexpm", optional: true]}], "hexpm", "0ec1f09319f29b4dfc2d0e08c776834d219faae0da3536f3d9460f6793e6af1f"},
  "prometheus": {:hex, :prometheus, "4.4.1", "1e96073b3ed7788053768fea779cbc896ddc3bdd9ba60687f2ad50b252ac87d6", [:mix, :rebar3], [], "hexpm", "d39f2ce1f3f29f3bf04f915aa3cf9c7cd4d2cee2f975e05f526e06cae9b7c902"},
  "prometheus_ecto": {:hex, :prometheus_ecto, "1.4.3", "3dd4da1812b8e0dbee81ea58bb3b62ed7588f2eae0c9e97e434c46807ff82311", [:mix], [{:ecto, "~> 2.0 or ~> 3.0", [hex: :ecto, repo: "hexpm", optional: false]}, {:prometheus_ex, "~> 1.1 or ~> 2.0 or ~> 3.0", [hex: :prometheus_ex, repo: "hexpm", optional: false]}], "hexpm", "8d66289f77f913b37eda81fd287340c17e61a447549deb28efc254532b2bed82"},
  "prometheus_ex": {:hex, :prometheus_ex, "3.0.5", "fa58cfd983487fc5ead331e9a3e0aa622c67232b3ec71710ced122c4c453a02f", [:mix], [{:prometheus, "~> 4.0", [hex: :prometheus, repo: "hexpm", optional: false]}], "hexpm", "9fd13404a48437e044b288b41f76e64acd9735fb8b0e3809f494811dfa66d0fb"},
  "prometheus_phoenix": {:hex, :prometheus_phoenix, "1.3.0", "c4b527e0b3a9ef1af26bdcfbfad3998f37795b9185d475ca610fe4388fdd3bb5", [:mix], [{:phoenix, "~> 1.4", [hex: :phoenix, repo: "hexpm", optional: false]}, {:prometheus_ex, "~> 1.3 or ~> 2.0 or ~> 3.0", [hex: :prometheus_ex, repo: "hexpm", optional: false]}], "hexpm", "c4d1404ac4e9d3d963da601db2a7d8ea31194f0017057fabf0cfb9bf5a6c8c75"},
  "prometheus_plugs": {:hex, :prometheus_plugs, "1.1.5", "25933d48f8af3a5941dd7b621c889749894d8a1082a6ff7c67cc99dec26377c5", [:mix], [{:accept, "~> 0.1", [hex: :accept, repo: "hexpm", optional: false]}, {:plug, "~> 1.0", [hex: :plug, repo: "hexpm", optional: false]}, {:prometheus_ex, "~> 1.1 or ~> 2.0 or ~> 3.0", [hex: :prometheus_ex, repo: "hexpm", optional: false]}, {:prometheus_process_collector, "~> 1.1", [hex: :prometheus_process_collector, repo: "hexpm", optional: true]}], "hexpm", "0273a6483ccb936d79ca19b0ab629aef0dba958697c94782bb728b920dfc6a79"},
  "prometheus_process_collector": {:hex, :prometheus_process_collector, "1.4.5", "9baea93f5d8c2758dbad0de021ef74438d2f81a01d1f24f5ef0bb949a7b4191d", [:rebar3], [{:prometheus, "~> 4.0", [hex: :prometheus, repo: "hexpm", optional: false]}], "hexpm", "0c032da6da589d1e49b36b2027f893c001aba6a6440950f79b32057045ceb85e"},
  "ranch": {:hex, :ranch, "1.7.1", "6b1fab51b49196860b733a49c07604465a47bdb78aa10c1c16a3d199f7f8c881", [:rebar3], [], "hexpm", "451d8527787df716d99dc36162fca05934915db0b6141bbdac2ea8d3c7afc7d7"},
  "redirect": {:hex, :redirect, "0.3.0", "f24f2cd41ea85d68c99290ef41655dfae06905e1aa96ee9b025b6b58e82a0776", [:mix], [{:phoenix, "~> 1.4", [hex: :phoenix, repo: "hexpm", optional: false]}, {:plug, "~> 1.8.3 or ~> 1.9", [hex: :plug, repo: "hexpm", optional: false]}], "hexpm", "3108e611ded985a88efc37c4f17e543d39606f17271c4c549c38edfde0c0d66e"},
  "scrivener": {:hex, :scrivener, "2.7.0", "fa94cdea21fad0649921d8066b1833d18d296217bfdf4a5389a2f45ee857b773", [:mix], [], "hexpm", "30da36a427f2519cf75993271fb7c5aad1759682a70f90d880a85c3d743d2c57"},
  "scrivener_ecto": {:hex, :scrivener_ecto, "2.2.0", "53d5f1ba28f35f17891cf526ee102f8f225b7024d1cdaf8984875467158c9c5e", [:mix], [{:ecto, "~> 3.0", [hex: :ecto, repo: "hexpm", optional: false]}, {:scrivener, "~> 2.4", [hex: :scrivener, repo: "hexpm", optional: false]}], "hexpm", "3eadfc0a762db4ba8acceee3450404f6ce5e710e52ccf04aae69fca5afe0cd2f"},
  "ssl_verify_fun": {:hex, :ssl_verify_fun, "1.1.4", "f0eafff810d2041e93f915ef59899c923f4568f4585904d010387ed74988e77b", [:make, :mix, :rebar3], [], "hexpm", "603561dc0fd62f4f2ea9b890f4e20e1a0d388746d6e20557cafb1b16950de88c"},
  "sweet_xml": {:hex, :sweet_xml, "0.6.6", "fc3e91ec5dd7c787b6195757fbcf0abc670cee1e4172687b45183032221b66b8", [:mix], [], "hexpm", "2e1ec458f892ffa81f9f8386e3f35a1af6db7a7a37748a64478f13163a1f3573"},
  "telemetry": {:hex, :telemetry, "0.4.1", "ae2718484892448a24470e6aa341bc847c3277bfb8d4e9289f7474d752c09c7f", [:rebar3], [], "hexpm", "4738382e36a0a9a2b6e25d67c960e40e1a2c95560b9f936d8e29de8cd858480f"},
  "timex": {:hex, :timex, "3.5.0", "b0a23167da02d0fe4f1a4e104d1f929a00d348502b52432c05de875d0b9cffa5", [:mix], [{:combine, "~> 0.10", [hex: :combine, repo: "hexpm", optional: false]}, {:gettext, "~> 0.10", [hex: :gettext, repo: "hexpm", optional: false]}, {:tzdata, "~> 0.1.8 or ~> 0.5", [hex: :tzdata, repo: "hexpm", optional: false]}], "hexpm", "b8fd8c9fcfaef1fa9c415e0792e2e82783c7ec8a282dfceef7d48158d4cfb3e1"},
  "tzdata": {:hex, :tzdata, "0.5.20", "304b9e98a02840fb32a43ec111ffbe517863c8566eb04a061f1c4dbb90b4d84c", [:mix], [{:hackney, "~> 1.0", [hex: :hackney, repo: "hexpm", optional: false]}], "hexpm", "e91aa533aeeff51dcb0f279de494823389ade9eb5cee703fe5e3236f622adbf0"},
  "unicode_util_compat": {:hex, :unicode_util_compat, "0.4.1", "d869e4c68901dd9531385bb0c8c40444ebf624e60b6962d95952775cac5e90cd", [:rebar3], [], "hexpm", "1d1848c40487cdb0b30e8ed975e34e025860c02e419cb615d255849f3427439d"},
}
